{
  "name": "issue-management-system",
  "version": "1.0.0",
  "lockfileVersion": 3,
  "requires": true,
  "packages": {
    "": {
      "name": "issue-management-system",
      "version": "1.0.0",
      "dependencies": {
        "@material-symbols/font-400": "^0.45.10"
      },
      "engines": {
        "node": ">=18"
      }
    },
    "node_modules/@material-symbols/font-400": {
      "version": "0.45.10",
      "resolved": "https://registry.npmjs.org/@material-symbols/font-400/-/font-400-0.45.10.tgz",
      "integrity": "sha512-HUstRoXOYFUe4/zRqwSnA2Zp8Ei5y4m9vqzwHb6sJEfUrYg780an0PcVnrlTJgqRwrOCPR5ttViF+yLAzla0BQ==",
      "license": "Apache-2.0"
    }
  }
}
